{
  "name": "gcm",
  "version": "1.0.0",
  "lockfileVersion": 3,
  "requires": true,
  "packages": {
    "": {
      "name": "gcm",
      "version": "1.0.0",
      "license": "ISC",
      "dependencies": {
        "@google/generative-ai": "^0.23.0"
      }
    },
    "node_modules/@google/generative-ai": {
      "version": "0.23.0",
      "resolved": "https://registry.npmjs.org/@google/generative-ai/-/generative-ai-0.23.0.tgz",
      "integrity": "sha512-8vGoguvLG22U3t9XpXvbxjxy/yfBhE27pqptz5QVKXwBSh9sUXXmZWS8ZdGMqifK7kiuZQCG2cjGJNUdBsgX+g==",
      "license": "Apache-2.0",
      "engines": {
        "node": ">=18.0.0"
      }
    }
  }
}
